Microsoft Visual Studio Solution File, Format Version 11.00
# Visual Studio 2008

Project("{6191201D-A58B-0734-9F51-C94FDF1FA1F6}") = "NewRPG HomeV", "Assembly-CSharp-firstpass-vs.csproj", "{54D4FD1A-2330-57B2-6985-B259811E1A0D}"
EndProject
Project("{6191201D-A58B-0734-9F51-C94FDF1FA1F6}") = "NewRPG HomeV", "Assembly-CSharp-vs.csproj", "{9204E844-A8DB-3681-3EF8-B0900FB3943D}"
EndProject
Global
	GlobalSection(SolutionConfigurationPlatforms) = preSolution
		Debug|Any CPU = Debug|Any CPU
		Release|Any CPU = Release|Any CPU
	EndGlobalSection
	GlobalSection(ProjectConfigurationPlatforms) = postSolution
		{54D4FD1A-2330-57B2-6985-B259811E1A0D}.Debug|Any CPU.ActiveCfg = Debug|Any CPU
		{54D4FD1A-2330-57B2-6985-B259811E1A0D}.Debug|Any CPU.Build.0 = Debug|Any CPU
		{54D4FD1A-2330-57B2-6985-B259811E1A0D}.Release|Any CPU.ActiveCfg = Release|Any CPU
		{54D4FD1A-2330-57B2-6985-B259811E1A0D}.Release|Any CPU.Build.0 = Release|Any CPU
		{9204E844-A8DB-3681-3EF8-B0900FB3943D}.Debug|Any CPU.ActiveCfg = Debug|Any CPU
		{9204E844-A8DB-3681-3EF8-B0900FB3943D}.Debug|Any CPU.Build.0 = Debug|Any CPU
		{9204E844-A8DB-3681-3EF8-B0900FB3943D}.Release|Any CPU.ActiveCfg = Release|Any CPU
		{9204E844-A8DB-3681-3EF8-B0900FB3943D}.Release|Any CPU.Build.0 = Release|Any CPU
	EndGlobalSection
	GlobalSection(SolutionProperties) = preSolution
		HideSolutionNode = FALSE
	EndGlobalSection
																																																																GlobalSection(MonoDevelopProperties) = preSolution
		StartupItem = Assembly-CSharp.csproj
		Policies = $0
		$0.TextStylePolicy = $1
		$1.inheritsSet = null
		$1.scope = text/x-csharp
		$0.CSharpFormattingPolicy = $2
		$2.inheritsSet = Mono
		$2.inheritsScope = text/x-csharp
		$2.scope = text/x-csharp
		$0.TextStylePolicy = $3
		$3.FileWidth = 120
		$3.TabWidth = 4
		$3.EolMarker = Unix
		$3.inheritsSet = Mono
		$3.inheritsScope = text/plain
		$3.scope = text/plain
	EndGlobalSection

EndGlobal
